
Microsoft Visual Studio Solution File, Format Version 12.00
# Visual Studio Version 17
VisualStudioVersion = 17.2.32526.322
MinimumVisualStudioVersion = 10.0.40219.1
Project("{FAE04EC0-301F-11D3-BF4B-00C04F79EFBC}") = "Hotel-Management-System", "Hotel-Management-System\Hotel-Management-System.csproj", "{8F7E973E-8C75-4485-87D0-71322F6EA589}"
EndProject
Global
	GlobalSection(SolutionConfigurationPlatforms) = preSolution
		Debug|Any CPU = Debug|Any CPU
		Release|Any CPU = Release|Any CPU
	EndGlobalSection
	GlobalSection(ProjectConfigurationPlatforms) = postSolution
		{8F7E973E-8C75-4485-87D0-71322F6EA589}.Debug|Any CPU.ActiveCfg = Debug|Any CPU
		{8F7E973E-8C75-4485-87D0-71322F6EA589}.Debug|Any CPU.Build.0 = Debug|Any CPU
		{8F7E973E-8C75-4485-87D0-71322F6EA589}.Release|Any CPU.ActiveCfg = Release|Any CPU
		{8F7E973E-8C75-4485-87D0-71322F6EA589}.Release|Any CPU.Build.0 = Release|Any CPU
	EndGlobalSection
	GlobalSection(SolutionProperties) = preSolution
		HideSolutionNode = FALSE
	EndGlobalSection
	GlobalSection(ExtensibilityGlobals) = postSolution
		SolutionGuid = {E37E3D19-BD46-42EA-B4EB-DA7E264979AF}
	EndGlobalSection
EndGlobal
